
Microsoft Visual Studio Solution File, Format Version 12.00
# Visual Studio Version 17
VisualStudioVersion = 17.11.35303.130
MinimumVisualStudioVersion = 10.0.40219.1
Project("{2150E333-8FDC-42A3-9474-1A3956D46DE8}") = "Task0", "Task0", "{7E563D77-5457-4F18-9B73-760FBA17C0D4}"
EndProject
Project("{FAE04EC0-301F-11D3-BF4B-00C04F79EFBC}") = "Tyuiu.UhalovAK.Sprint3.Task0.V13", "Tyuiu.UhalovAK.Sprint3.Task0.V13\Tyuiu.UhalovAK.Sprint3.Task0.V13.csproj", "{E7773DB6-54DB-4AEE-A084-312D7FE77778}"
EndProject
Project("{FAE04EC0-301F-11D3-BF4B-00C04F79EFBC}") = "Tyuiu.UhalovAK.Sprint3.Task0.V13.Lib", "Tyuiu.UhalovAK.Sprint3.Task0.V13.Lib\Tyuiu.UhalovAK.Sprint3.Task0.V13.Lib.csproj", "{14DD440F-6996-445C-9DF4-2C73F0AD9530}"
EndProject
Project("{FAE04EC0-301F-11D3-BF4B-00C04F79EFBC}") = "Tyuiu.UhalovAK.Sprint3.Task0.V13.Test", "Tyuiu.UhalovAK.Sprint3.Task0.V13.Test\Tyuiu.UhalovAK.Sprint3.Task0.V13.Test.csproj", "{DD1B9BA6-F0A0-4A05-AA1A-1D819DFD541E}"
EndProject
Global
	GlobalSection(SolutionConfigurationPlatforms) = preSolution
		Debug|Any CPU = Debug|Any CPU
		Release|Any CPU = Release|Any CPU
	EndGlobalSection
	GlobalSection(ProjectConfigurationPlatforms) = postSolution
		{E7773DB6-54DB-4AEE-A084-312D7FE77778}.Debug|Any CPU.ActiveCfg = Debug|Any CPU
		{E7773DB6-54DB-4AEE-A084-312D7FE77778}.Debug|Any CPU.Build.0 = Debug|Any CPU
		{E7773DB6-54DB-4AEE-A084-312D7FE77778}.Release|Any CPU.ActiveCfg = Release|Any CPU
		{E7773DB6-54DB-4AEE-A084-312D7FE77778}.Release|Any CPU.Build.0 = Release|Any CPU
		{14DD440F-6996-445C-9DF4-2C73F0AD9530}.Debug|Any CPU.ActiveCfg = Debug|Any CPU
		{14DD440F-6996-445C-9DF4-2C73F0AD9530}.Debug|Any CPU.Build.0 = Debug|Any CPU
		{14DD440F-6996-445C-9DF4-2C73F0AD9530}.Release|Any CPU.ActiveCfg = Release|Any CPU
		{14DD440F-6996-445C-9DF4-2C73F0AD9530}.Release|Any CPU.Build.0 = Release|Any CPU
		{DD1B9BA6-F0A0-4A05-AA1A-1D819DFD541E}.Debug|Any CPU.ActiveCfg = Debug|Any CPU
		{DD1B9BA6-F0A0-4A05-AA1A-1D819DFD541E}.Debug|Any CPU.Build.0 = Debug|Any CPU
		{DD1B9BA6-F0A0-4A05-AA1A-1D819DFD541E}.Release|Any CPU.ActiveCfg = Release|Any CPU
		{DD1B9BA6-F0A0-4A05-AA1A-1D819DFD541E}.Release|Any CPU.Build.0 = Release|Any CPU
	EndGlobalSection
	GlobalSection(SolutionProperties) = preSolution
		HideSolutionNode = FALSE
	EndGlobalSection
	GlobalSection(NestedProjects) = preSolution
		{E7773DB6-54DB-4AEE-A084-312D7FE77778} = {7E563D77-5457-4F18-9B73-760FBA17C0D4}
		{14DD440F-6996-445C-9DF4-2C73F0AD9530} = {7E563D77-5457-4F18-9B73-760FBA17C0D4}
		{DD1B9BA6-F0A0-4A05-AA1A-1D819DFD541E} = {7E563D77-5457-4F18-9B73-760FBA17C0D4}
	EndGlobalSection
	GlobalSection(ExtensibilityGlobals) = postSolution
		SolutionGuid = {C71801AC-0895-40E3-833A-C942308A6325}
	EndGlobalSection
EndGlobal
