
Microsoft Visual Studio Solution File, Format Version 12.00
# Visual Studio Version 17
VisualStudioVersion = 17.11.35303.130
MinimumVisualStudioVersion = 10.0.40219.1
Project("{2150E333-8FDC-42A3-9474-1A3956D46DE8}") = "Task0", "Task0", "{7E563D77-5457-4F18-9B73-760FBA17C0D4}"
EndProject
Project("{9A19103F-16F7-4668-BE54-9A1E7A4F7556}") = "Tyuiu.UhalovAK.Sprint3.Task0.V13", "Tyuiu.UhalovAK.Sprint3.Task0.V13\Tyuiu.UhalovAK.Sprint3.Task0.V13.csproj", "{E7773DB6-54DB-4AEE-A084-312D7FE77778}"
EndProject
Project("{9A19103F-16F7-4668-BE54-9A1E7A4F7556}") = "Tyuiu.UhalovAK.Sprint3.Task0.V13.Lib", "Tyuiu.UhalovAK.Sprint3.Task0.V13.Lib\Tyuiu.UhalovAK.Sprint3.Task0.V13.Lib.csproj", "{14DD440F-6996-445C-9DF4-2C73F0AD9530}"
EndProject
Project("{9A19103F-16F7-4668-BE54-9A1E7A4F7556}") = "Tyuiu.UhalovAK.Sprint3.Task0.V13.Test", "Tyuiu.UhalovAK.Sprint3.Task0.V13.Test\Tyuiu.UhalovAK.Sprint3.Task0.V13.Test.csproj", "{DD1B9BA6-F0A0-4A05-AA1A-1D819DFD541E}"
EndProject
Project("{2150E333-8FDC-42A3-9474-1A3956D46DE8}") = "Task1", "Task1", "{414B113A-07AF-4D26-B6EA-C322886326E5}"
EndProject
Project("{9A19103F-16F7-4668-BE54-9A1E7A4F7556}") = "Tyuiu.UhalovAK.Sprint3.Task1.V23", "Tyuiu.UhalovAK.Sprint3.Task1.V23\Tyuiu.UhalovAK.Sprint3.Task1.V23.csproj", "{EA07DB22-3198-4826-9B8F-B14458BAC345}"
EndProject
Project("{9A19103F-16F7-4668-BE54-9A1E7A4F7556}") = "Tyuiu.UhalovAK.Sprint3.Task1.V23.Lib", "Tyuiu.UhalovAK.Sprint3.Task1.V23.Lib\Tyuiu.UhalovAK.Sprint3.Task1.V23.Lib.csproj", "{CE9E6DBA-A5A1-4DBF-986F-8A4CCFB40E6F}"
EndProject
Project("{9A19103F-16F7-4668-BE54-9A1E7A4F7556}") = "Tyuiu.UhalovAK.Sprint3.Task1.V23.Test", "Tyuiu.UhalovAK.Sprint3.Task1.V23.Test\Tyuiu.UhalovAK.Sprint3.Task1.V23.Test.csproj", "{072A0B70-A34C-4A17-8544-20BAA565DE97}"
EndProject
Project("{2150E333-8FDC-42A3-9474-1A3956D46DE8}") = "Task2", "Task2", "{9B850DEC-9FEE-435D-BDF7-130D9782BCA4}"
EndProject
Project("{9A19103F-16F7-4668-BE54-9A1E7A4F7556}") = "Tyuiu.UhalovAK.Sprint3.Task2.V22", "Tyuiu.UhalovAK.Sprint3.Task2.V22\Tyuiu.UhalovAK.Sprint3.Task2.V22.csproj", "{C1E54C7F-F8D6-4943-91A5-9CF94DF5D51D}"
EndProject
Project("{9A19103F-16F7-4668-BE54-9A1E7A4F7556}") = "Tyuiu.UhalovAK.Sprint3.Task2.V22.Lib", "Tyuiu.UhalovAK.Sprint3.Task2.V22.Lib\Tyuiu.UhalovAK.Sprint3.Task2.V22.Lib.csproj", "{F6140E0E-1889-4CB1-BC75-83D6B62BBEDC}"
EndProject
Project("{9A19103F-16F7-4668-BE54-9A1E7A4F7556}") = "Tyuiu.UhalovAK.Sprint3.Task2.V22.Test", "Tyuiu.UhalovAK.Sprint3.Task2.V22.Test\Tyuiu.UhalovAK.Sprint3.Task2.V22.Test.csproj", "{3A49497D-7E15-482B-B06B-E72A35021476}"
EndProject
Project("{2150E333-8FDC-42A3-9474-1A3956D46DE8}") = "Task3", "Task3", "{B70EDBE3-89E1-4403-BA0E-1D90D3B506C7}"
EndProject
Project("{FAE04EC0-301F-11D3-BF4B-00C04F79EFBC}") = "Tyuiu.UhalovAK.Sprint3.Task3.V11", "Tyuiu.UhalovAK.Sprint3.Task3.V11\Tyuiu.UhalovAK.Sprint3.Task3.V11.csproj", "{49E4DE68-3532-43A3-B8ED-9C17CBB04F12}"
EndProject
Project("{FAE04EC0-301F-11D3-BF4B-00C04F79EFBC}") = "Tyuiu.UhalovAK.Sprint3.Task3.V11.Lib", "Tyuiu.UhalovAK.Sprint3.Task3.V11.Lib\Tyuiu.UhalovAK.Sprint3.Task3.V11.Lib.csproj", "{E2F410DA-6B99-4BF2-AA1C-181DDF167296}"
EndProject
Project("{FAE04EC0-301F-11D3-BF4B-00C04F79EFBC}") = "Tyuiu.UhalovAK.Sprint3.Task3.V11.Test", "Tyuiu.UhalovAK.Sprint3.Task3.V11.Test\Tyuiu.UhalovAK.Sprint3.Task3.V11.Test.csproj", "{6E932C44-A312-4CBC-A7FF-60656E20AE5D}"
EndProject
Project("{2150E333-8FDC-42A3-9474-1A3956D46DE8}") = "Task4", "Task4", "{80B14F1A-9AE8-46F0-A358-8592932BCA01}"
EndProject
Project("{FAE04EC0-301F-11D3-BF4B-00C04F79EFBC}") = "Tyuiu.UhalovAK.Sprint3.Task4.V2", "Tyuiu.UhalovAK.Sprint3.Task4.V2\Tyuiu.UhalovAK.Sprint3.Task4.V2.csproj", "{BC463DA8-9572-444D-9592-AFD6F5E3F9E0}"
EndProject
Project("{FAE04EC0-301F-11D3-BF4B-00C04F79EFBC}") = "Tyuiu.UhalovAK.Sprint3.Task4.V2.Lib", "Tyuiu.UhalovAK.Sprint3.Task4.V2.Lib\Tyuiu.UhalovAK.Sprint3.Task4.V2.Lib.csproj", "{1A36E53F-E1FB-426B-8CC5-BE54BF870DB1}"
EndProject
Project("{FAE04EC0-301F-11D3-BF4B-00C04F79EFBC}") = "Tyuiu.UhalovAK.Sprint3.Task4.V2.Test", "Tyuiu.UhalovAK.Sprint3.Task4.V2.Test\Tyuiu.UhalovAK.Sprint3.Task4.V2.Test.csproj", "{C9551AB5-BBEB-4F63-AF72-E692C5AFBF3A}"
EndProject
Project("{2150E333-8FDC-42A3-9474-1A3956D46DE8}") = "Task5", "Task5", "{E12AC096-25A0-4712-98B1-EE30A73B2240}"
EndProject
Project("{FAE04EC0-301F-11D3-BF4B-00C04F79EFBC}") = "Tyuiu.UhalovAK.Sprint3.Task5.V1", "Tyuiu.UhalovAK.Sprint3.Task5.V1\Tyuiu.UhalovAK.Sprint3.Task5.V1.csproj", "{7F623691-2FC9-46E4-8F11-07D1E59E824E}"
EndProject
Project("{FAE04EC0-301F-11D3-BF4B-00C04F79EFBC}") = "Tyuiu.UhalovAK.Sprint3.Task5.V1.Lib", "Tyuiu.UhalovAK.Sprint3.Task5.V1.Lib\Tyuiu.UhalovAK.Sprint3.Task5.V1.Lib.csproj", "{46F10521-710E-4500-AE90-6962E90D40E6}"
EndProject
Project("{FAE04EC0-301F-11D3-BF4B-00C04F79EFBC}") = "Tyuiu.UhalovAK.Sprint3.Task5.V1.Test", "Tyuiu.UhalovAK.Sprint3.Task5.V1.Test\Tyuiu.UhalovAK.Sprint3.Task5.V1.Test.csproj", "{C504EAC9-3A01-4E2C-9FD4-3D82F564C72D}"
EndProject
Project("{2150E333-8FDC-42A3-9474-1A3956D46DE8}") = "Task6", "Task6", "{295C7061-9348-4E89-BF6E-B1E1C43DDB72}"
EndProject
Project("{FAE04EC0-301F-11D3-BF4B-00C04F79EFBC}") = "Tyuiu.UhalovAK.Sprint3.Task6.V5", "Tyuiu.UhalovAK.Sprint3.Task6.V5\Tyuiu.UhalovAK.Sprint3.Task6.V5.csproj", "{5281CD4E-190E-474F-A2EF-EB73F293D87D}"
EndProject
Project("{FAE04EC0-301F-11D3-BF4B-00C04F79EFBC}") = "Tyuiu.UhalovAK.Sprint3.Task6.V5.Lib", "Tyuiu.UhalovAK.Sprint3.Task6.V5.Lib\Tyuiu.UhalovAK.Sprint3.Task6.V5.Lib.csproj", "{DC7396EE-F6EC-48AE-9C98-79C3BC96A05F}"
EndProject
Project("{FAE04EC0-301F-11D3-BF4B-00C04F79EFBC}") = "Tyuiu.UhalovAK.Sprint3.Task6.V5.Test", "Tyuiu.UhalovAK.Sprint3.Task6.V5.Test\Tyuiu.UhalovAK.Sprint3.Task6.V5.Test.csproj", "{0D2A944E-5E48-4C25-92DD-19D7E3224106}"
EndProject
Global
	GlobalSection(SolutionConfigurationPlatforms) = preSolution
		Debug|Any CPU = Debug|Any CPU
		Release|Any CPU = Release|Any CPU
	EndGlobalSection
	GlobalSection(ProjectConfigurationPlatforms) = postSolution
		{E7773DB6-54DB-4AEE-A084-312D7FE77778}.Debug|Any CPU.ActiveCfg = Debug|Any CPU
		{E7773DB6-54DB-4AEE-A084-312D7FE77778}.Debug|Any CPU.Build.0 = Debug|Any CPU
		{E7773DB6-54DB-4AEE-A084-312D7FE77778}.Release|Any CPU.ActiveCfg = Release|Any CPU
		{E7773DB6-54DB-4AEE-A084-312D7FE77778}.Release|Any CPU.Build.0 = Release|Any CPU
		{14DD440F-6996-445C-9DF4-2C73F0AD9530}.Debug|Any CPU.ActiveCfg = Debug|Any CPU
		{14DD440F-6996-445C-9DF4-2C73F0AD9530}.Debug|Any CPU.Build.0 = Debug|Any CPU
		{14DD440F-6996-445C-9DF4-2C73F0AD9530}.Release|Any CPU.ActiveCfg = Release|Any CPU
		{14DD440F-6996-445C-9DF4-2C73F0AD9530}.Release|Any CPU.Build.0 = Release|Any CPU
		{DD1B9BA6-F0A0-4A05-AA1A-1D819DFD541E}.Debug|Any CPU.ActiveCfg = Debug|Any CPU
		{DD1B9BA6-F0A0-4A05-AA1A-1D819DFD541E}.Debug|Any CPU.Build.0 = Debug|Any CPU
		{DD1B9BA6-F0A0-4A05-AA1A-1D819DFD541E}.Release|Any CPU.ActiveCfg = Release|Any CPU
		{DD1B9BA6-F0A0-4A05-AA1A-1D819DFD541E}.Release|Any CPU.Build.0 = Release|Any CPU
		{EA07DB22-3198-4826-9B8F-B14458BAC345}.Debug|Any CPU.ActiveCfg = Debug|Any CPU
		{EA07DB22-3198-4826-9B8F-B14458BAC345}.Debug|Any CPU.Build.0 = Debug|Any CPU
		{EA07DB22-3198-4826-9B8F-B14458BAC345}.Release|Any CPU.ActiveCfg = Release|Any CPU
		{EA07DB22-3198-4826-9B8F-B14458BAC345}.Release|Any CPU.Build.0 = Release|Any CPU
		{CE9E6DBA-A5A1-4DBF-986F-8A4CCFB40E6F}.Debug|Any CPU.ActiveCfg = Debug|Any CPU
		{CE9E6DBA-A5A1-4DBF-986F-8A4CCFB40E6F}.Debug|Any CPU.Build.0 = Debug|Any CPU
		{CE9E6DBA-A5A1-4DBF-986F-8A4CCFB40E6F}.Release|Any CPU.ActiveCfg = Release|Any CPU
		{CE9E6DBA-A5A1-4DBF-986F-8A4CCFB40E6F}.Release|Any CPU.Build.0 = Release|Any CPU
		{072A0B70-A34C-4A17-8544-20BAA565DE97}.Debug|Any CPU.ActiveCfg = Debug|Any CPU
		{072A0B70-A34C-4A17-8544-20BAA565DE97}.Debug|Any CPU.Build.0 = Debug|Any CPU
		{072A0B70-A34C-4A17-8544-20BAA565DE97}.Release|Any CPU.ActiveCfg = Release|Any CPU
		{072A0B70-A34C-4A17-8544-20BAA565DE97}.Release|Any CPU.Build.0 = Release|Any CPU
		{C1E54C7F-F8D6-4943-91A5-9CF94DF5D51D}.Debug|Any CPU.ActiveCfg = Debug|Any CPU
		{C1E54C7F-F8D6-4943-91A5-9CF94DF5D51D}.Debug|Any CPU.Build.0 = Debug|Any CPU
		{C1E54C7F-F8D6-4943-91A5-9CF94DF5D51D}.Release|Any CPU.ActiveCfg = Release|Any CPU
		{C1E54C7F-F8D6-4943-91A5-9CF94DF5D51D}.Release|Any CPU.Build.0 = Release|Any CPU
		{F6140E0E-1889-4CB1-BC75-83D6B62BBEDC}.Debug|Any CPU.ActiveCfg = Debug|Any CPU
		{F6140E0E-1889-4CB1-BC75-83D6B62BBEDC}.Debug|Any CPU.Build.0 = Debug|Any CPU
		{F6140E0E-1889-4CB1-BC75-83D6B62BBEDC}.Release|Any CPU.ActiveCfg = Release|Any CPU
		{F6140E0E-1889-4CB1-BC75-83D6B62BBEDC}.Release|Any CPU.Build.0 = Release|Any CPU
		{3A49497D-7E15-482B-B06B-E72A35021476}.Debug|Any CPU.ActiveCfg = Debug|Any CPU
		{3A49497D-7E15-482B-B06B-E72A35021476}.Debug|Any CPU.Build.0 = Debug|Any CPU
		{3A49497D-7E15-482B-B06B-E72A35021476}.Release|Any CPU.ActiveCfg = Release|Any CPU
		{3A49497D-7E15-482B-B06B-E72A35021476}.Release|Any CPU.Build.0 = Release|Any CPU
		{49E4DE68-3532-43A3-B8ED-9C17CBB04F12}.Debug|Any CPU.ActiveCfg = Debug|Any CPU
		{49E4DE68-3532-43A3-B8ED-9C17CBB04F12}.Debug|Any CPU.Build.0 = Debug|Any CPU
		{49E4DE68-3532-43A3-B8ED-9C17CBB04F12}.Release|Any CPU.ActiveCfg = Release|Any CPU
		{49E4DE68-3532-43A3-B8ED-9C17CBB04F12}.Release|Any CPU.Build.0 = Release|Any CPU
		{E2F410DA-6B99-4BF2-AA1C-181DDF167296}.Debug|Any CPU.ActiveCfg = Debug|Any CPU
		{E2F410DA-6B99-4BF2-AA1C-181DDF167296}.Debug|Any CPU.Build.0 = Debug|Any CPU
		{E2F410DA-6B99-4BF2-AA1C-181DDF167296}.Release|Any CPU.ActiveCfg = Release|Any CPU
		{E2F410DA-6B99-4BF2-AA1C-181DDF167296}.Release|Any CPU.Build.0 = Release|Any CPU
		{6E932C44-A312-4CBC-A7FF-60656E20AE5D}.Debug|Any CPU.ActiveCfg = Debug|Any CPU
		{6E932C44-A312-4CBC-A7FF-60656E20AE5D}.Debug|Any CPU.Build.0 = Debug|Any CPU
		{6E932C44-A312-4CBC-A7FF-60656E20AE5D}.Release|Any CPU.ActiveCfg = Release|Any CPU
		{6E932C44-A312-4CBC-A7FF-60656E20AE5D}.Release|Any CPU.Build.0 = Release|Any CPU
		{BC463DA8-9572-444D-9592-AFD6F5E3F9E0}.Debug|Any CPU.ActiveCfg = Debug|Any CPU
		{BC463DA8-9572-444D-9592-AFD6F5E3F9E0}.Debug|Any CPU.Build.0 = Debug|Any CPU
		{BC463DA8-9572-444D-9592-AFD6F5E3F9E0}.Release|Any CPU.ActiveCfg = Release|Any CPU
		{BC463DA8-9572-444D-9592-AFD6F5E3F9E0}.Release|Any CPU.Build.0 = Release|Any CPU
		{1A36E53F-E1FB-426B-8CC5-BE54BF870DB1}.Debug|Any CPU.ActiveCfg = Debug|Any CPU
		{1A36E53F-E1FB-426B-8CC5-BE54BF870DB1}.Debug|Any CPU.Build.0 = Debug|Any CPU
		{1A36E53F-E1FB-426B-8CC5-BE54BF870DB1}.Release|Any CPU.ActiveCfg = Release|Any CPU
		{1A36E53F-E1FB-426B-8CC5-BE54BF870DB1}.Release|Any CPU.Build.0 = Release|Any CPU
		{C9551AB5-BBEB-4F63-AF72-E692C5AFBF3A}.Debug|Any CPU.ActiveCfg = Debug|Any CPU
		{C9551AB5-BBEB-4F63-AF72-E692C5AFBF3A}.Debug|Any CPU.Build.0 = Debug|Any CPU
		{C9551AB5-BBEB-4F63-AF72-E692C5AFBF3A}.Release|Any CPU.ActiveCfg = Release|Any CPU
		{C9551AB5-BBEB-4F63-AF72-E692C5AFBF3A}.Release|Any CPU.Build.0 = Release|Any CPU
		{7F623691-2FC9-46E4-8F11-07D1E59E824E}.Debug|Any CPU.ActiveCfg = Debug|Any CPU
		{7F623691-2FC9-46E4-8F11-07D1E59E824E}.Debug|Any CPU.Build.0 = Debug|Any CPU
		{7F623691-2FC9-46E4-8F11-07D1E59E824E}.Release|Any CPU.ActiveCfg = Release|Any CPU
		{7F623691-2FC9-46E4-8F11-07D1E59E824E}.Release|Any CPU.Build.0 = Release|Any CPU
		{46F10521-710E-4500-AE90-6962E90D40E6}.Debug|Any CPU.ActiveCfg = Debug|Any CPU
		{46F10521-710E-4500-AE90-6962E90D40E6}.Debug|Any CPU.Build.0 = Debug|Any CPU
		{46F10521-710E-4500-AE90-6962E90D40E6}.Release|Any CPU.ActiveCfg = Release|Any CPU
		{46F10521-710E-4500-AE90-6962E90D40E6}.Release|Any CPU.Build.0 = Release|Any CPU
		{C504EAC9-3A01-4E2C-9FD4-3D82F564C72D}.Debug|Any CPU.ActiveCfg = Debug|Any CPU
		{C504EAC9-3A01-4E2C-9FD4-3D82F564C72D}.Debug|Any CPU.Build.0 = Debug|Any CPU
		{C504EAC9-3A01-4E2C-9FD4-3D82F564C72D}.Release|Any CPU.ActiveCfg = Release|Any CPU
		{C504EAC9-3A01-4E2C-9FD4-3D82F564C72D}.Release|Any CPU.Build.0 = Release|Any CPU
		{5281CD4E-190E-474F-A2EF-EB73F293D87D}.Debug|Any CPU.ActiveCfg = Debug|Any CPU
		{5281CD4E-190E-474F-A2EF-EB73F293D87D}.Debug|Any CPU.Build.0 = Debug|Any CPU
		{5281CD4E-190E-474F-A2EF-EB73F293D87D}.Release|Any CPU.ActiveCfg = Release|Any CPU
		{5281CD4E-190E-474F-A2EF-EB73F293D87D}.Release|Any CPU.Build.0 = Release|Any CPU
		{DC7396EE-F6EC-48AE-9C98-79C3BC96A05F}.Debug|Any CPU.ActiveCfg = Debug|Any CPU
		{DC7396EE-F6EC-48AE-9C98-79C3BC96A05F}.Debug|Any CPU.Build.0 = Debug|Any CPU
		{DC7396EE-F6EC-48AE-9C98-79C3BC96A05F}.Release|Any CPU.ActiveCfg = Release|Any CPU
		{DC7396EE-F6EC-48AE-9C98-79C3BC96A05F}.Release|Any CPU.Build.0 = Release|Any CPU
		{0D2A944E-5E48-4C25-92DD-19D7E3224106}.Debug|Any CPU.ActiveCfg = Debug|Any CPU
		{0D2A944E-5E48-4C25-92DD-19D7E3224106}.Debug|Any CPU.Build.0 = Debug|Any CPU
		{0D2A944E-5E48-4C25-92DD-19D7E3224106}.Release|Any CPU.ActiveCfg = Release|Any CPU
		{0D2A944E-5E48-4C25-92DD-19D7E3224106}.Release|Any CPU.Build.0 = Release|Any CPU
	EndGlobalSection
	GlobalSection(SolutionProperties) = preSolution
		HideSolutionNode = FALSE
	EndGlobalSection
	GlobalSection(NestedProjects) = preSolution
		{E7773DB6-54DB-4AEE-A084-312D7FE77778} = {7E563D77-5457-4F18-9B73-760FBA17C0D4}
		{14DD440F-6996-445C-9DF4-2C73F0AD9530} = {7E563D77-5457-4F18-9B73-760FBA17C0D4}
		{DD1B9BA6-F0A0-4A05-AA1A-1D819DFD541E} = {7E563D77-5457-4F18-9B73-760FBA17C0D4}
		{EA07DB22-3198-4826-9B8F-B14458BAC345} = {414B113A-07AF-4D26-B6EA-C322886326E5}
		{CE9E6DBA-A5A1-4DBF-986F-8A4CCFB40E6F} = {414B113A-07AF-4D26-B6EA-C322886326E5}
		{072A0B70-A34C-4A17-8544-20BAA565DE97} = {414B113A-07AF-4D26-B6EA-C322886326E5}
		{C1E54C7F-F8D6-4943-91A5-9CF94DF5D51D} = {9B850DEC-9FEE-435D-BDF7-130D9782BCA4}
		{F6140E0E-1889-4CB1-BC75-83D6B62BBEDC} = {9B850DEC-9FEE-435D-BDF7-130D9782BCA4}
		{3A49497D-7E15-482B-B06B-E72A35021476} = {9B850DEC-9FEE-435D-BDF7-130D9782BCA4}
		{49E4DE68-3532-43A3-B8ED-9C17CBB04F12} = {B70EDBE3-89E1-4403-BA0E-1D90D3B506C7}
		{E2F410DA-6B99-4BF2-AA1C-181DDF167296} = {B70EDBE3-89E1-4403-BA0E-1D90D3B506C7}
		{6E932C44-A312-4CBC-A7FF-60656E20AE5D} = {B70EDBE3-89E1-4403-BA0E-1D90D3B506C7}
		{BC463DA8-9572-444D-9592-AFD6F5E3F9E0} = {80B14F1A-9AE8-46F0-A358-8592932BCA01}
		{1A36E53F-E1FB-426B-8CC5-BE54BF870DB1} = {80B14F1A-9AE8-46F0-A358-8592932BCA01}
		{C9551AB5-BBEB-4F63-AF72-E692C5AFBF3A} = {80B14F1A-9AE8-46F0-A358-8592932BCA01}
		{7F623691-2FC9-46E4-8F11-07D1E59E824E} = {E12AC096-25A0-4712-98B1-EE30A73B2240}
		{46F10521-710E-4500-AE90-6962E90D40E6} = {E12AC096-25A0-4712-98B1-EE30A73B2240}
		{C504EAC9-3A01-4E2C-9FD4-3D82F564C72D} = {E12AC096-25A0-4712-98B1-EE30A73B2240}
		{5281CD4E-190E-474F-A2EF-EB73F293D87D} = {295C7061-9348-4E89-BF6E-B1E1C43DDB72}
		{DC7396EE-F6EC-48AE-9C98-79C3BC96A05F} = {295C7061-9348-4E89-BF6E-B1E1C43DDB72}
		{0D2A944E-5E48-4C25-92DD-19D7E3224106} = {295C7061-9348-4E89-BF6E-B1E1C43DDB72}
	EndGlobalSection
	GlobalSection(ExtensibilityGlobals) = postSolution
		SolutionGuid = {C71801AC-0895-40E3-833A-C942308A6325}
	EndGlobalSection
EndGlobal
